
Microsoft Visual Studio Solution File, Format Version 12.00
# Visual Studio Version 17
VisualStudioVersion = 17.8.34511.84
MinimumVisualStudioVersion = 10.0.40219.1
Project("{FAE04EC0-301F-11D3-BF4B-00C04F79EFBC}") = "HotelListing.API", "HotelListing.API\HotelListing.API.csproj", "{E6E0176E-1894-4893-8592-101948507A6F}"
EndProject
Global
	GlobalSection(SolutionConfigurationPlatforms) = preSolution
		Debug|Any CPU = Debug|Any CPU
		Release|Any CPU = Release|Any CPU
	EndGlobalSection
	GlobalSection(ProjectConfigurationPlatforms) = postSolution
		{E6E0176E-1894-4893-8592-101948507A6F}.Debug|Any CPU.ActiveCfg = Debug|Any CPU
		{E6E0176E-1894-4893-8592-101948507A6F}.Debug|Any CPU.Build.0 = Debug|Any CPU
		{E6E0176E-1894-4893-8592-101948507A6F}.Release|Any CPU.ActiveCfg = Release|Any CPU
		{E6E0176E-1894-4893-8592-101948507A6F}.Release|Any CPU.Build.0 = Release|Any CPU
	EndGlobalSection
	GlobalSection(SolutionProperties) = preSolution
		HideSolutionNode = FALSE
	EndGlobalSection
	GlobalSection(ExtensibilityGlobals) = postSolution
		SolutionGuid = {FE30E3BE-C542-4F86-B3DC-AD17BB575AB9}
	EndGlobalSection
EndGlobal
